
Microsoft Visual Studio Solution File, Format Version 11.00
# Visual Studio 2010
Project("{FAE04EC0-301F-11D3-BF4B-00C04F79EFBC}") = "XWing", "Assembly-CSharp.csproj", "{0C6B06B6-3ECA-4AC4-C7F5-600E2838621C}"
EndProject
Global
	GlobalSection(SolutionConfigurationPlatforms) = preSolution
		Debug|Any CPU = Debug|Any CPU
		Release|Any CPU = Release|Any CPU
	EndGlobalSection
	GlobalSection(ProjectConfigurationPlatforms) = postSolution
		{0C6B06B6-3ECA-4AC4-C7F5-600E2838621C}.Debug|Any CPU.ActiveCfg = Debug|Any CPU
		{0C6B06B6-3ECA-4AC4-C7F5-600E2838621C}.Debug|Any CPU.Build.0 = Debug|Any CPU
		{0C6B06B6-3ECA-4AC4-C7F5-600E2838621C}.Release|Any CPU.ActiveCfg = Release|Any CPU
		{0C6B06B6-3ECA-4AC4-C7F5-600E2838621C}.Release|Any CPU.Build.0 = Release|Any CPU
	EndGlobalSection
	GlobalSection(SolutionProperties) = preSolution
		HideSolutionNode = FALSE
	EndGlobalSection
	GlobalSection(MonoDevelopProperties) = preSolution
		StartupItem = Assembly-CSharp.csproj
	EndGlobalSection
EndGlobal
